// !$*UTF8*$!
{
	archiveVersion = 1;
	classes = {
	};
	objectVersion = 56;
	objects = {

/* Begin PBXBuildFile section */
		911AFEB529AD29D200087A66 /* AppDelegate.swift in Sources */ = {isa = PBXBuildFile; fileRef = 911AFEB429AD29D200087A66 /* AppDelegate.swift */; };
		911AFEB729AD29D200087A66 /* SceneDelegate.swift in Sources */ = {isa = PBXBuildFile; fileRef = 911AFEB629AD29D200087A66 /* SceneDelegate.swift */; };
		911AFEB929AD29D200087A66 /* ViewController.swift in Sources */ = {isa = PBXBuildFile; fileRef = 911AFEB829AD29D200087A66 /* ViewController.swift */; };
		911AFEBC29AD29D200087A66 /* Main.storyboard in Resources */ = {isa = PBXBuildFile; fileRef = 911AFEBA29AD29D200087A66 /* Main.storyboard */; };
		911AFEBE29AD29D300087A66 /* Assets.xcassets in Resources */ = {isa = PBXBuildFile; fileRef = 911AFEBD29AD29D300087A66 /* Assets.xcassets */; };
		911AFEC129AD29D300087A66 /* LaunchScreen.storyboard in Resources */ = {isa = PBXBuildFile; fileRef = 911AFEBF29AD29D300087A66 /* LaunchScreen.storyboard */; };
		911AFECC29AD29D400087A66 /* GymTests.swift in Sources */ = {isa = PBXBuildFile; fileRef = 911AFECB29AD29D400087A66 /* GymTests.swift */; };
		911AFED629AD29D400087A66 /* GymUITests.swift in Sources */ = {isa = PBXBuildFile; fileRef = 911AFED529AD29D400087A66 /* GymUITests.swift */; };
		911AFED829AD29D400087A66 /* GymUITestsLaunchTests.swift in Sources */ = {isa = PBXBuildFile; fileRef = 911AFED729AD29D400087A66 /* GymUITestsLaunchTests.swift */; };
		911AFEE729AD2C6600087A66 /* WorkoutList.swift in Sources */ = {isa = PBXBuildFile; fileRef = 911AFEE629AD2C6600087A66 /* WorkoutList.swift */; };
/* End PBXBuildFile section */

/* Begin PBXContainerItemProxy section */
		911AFEC829AD29D400087A66 /* PBXContainerItemProxy */ = {
			isa = PBXContainerItemProxy;
			containerPortal = 911AFEA929AD29D200087A66 /* Project object */;
			proxyType = 1;
			remoteGlobalIDString = 911AFEB029AD29D200087A66;
			remoteInfo = Gym;
		};
		911AFED229AD29D400087A66 /* PBXContainerItemProxy */ = {
			isa = PBXContainerItemProxy;
			containerPortal = 911AFEA929AD29D200087A66 /* Project object */;
			proxyType = 1;
			remoteGlobalIDString = 911AFEB029AD29D200087A66;
			remoteInfo = Gym;
		};
/* End PBXContainerItemProxy section */

/* Begin PBXFileReference section */
		911AFEB129AD29D200087A66 /* Gym.app */ = {isa = PBXFileReference; explicitFileType = wrapper.application; includeInIndex = 0; path = Gym.app; sourceTree = BUILT_PRODUCTS_DIR; };
		911AFEB429AD29D200087A66 /* AppDelegate.swift */ = {isa = PBXFileReference; lastKnownFileType = sourcecode.swift; path = AppDelegate.swift; sourceTree = "<group>"; };
		911AFEB629AD29D200087A66 /* SceneDelegate.swift */ = {isa = PBXFileReference; lastKnownFileType = sourcecode.swift; path = SceneDelegate.swift; sourceTree = "<group>"; };
		911AFEB829AD29D200087A66 /* ViewController.swift */ = {isa = PBXFileReference; lastKnownFileType = sourcecode.swift; path = ViewController.swift; sourceTree = "<group>"; };
		911AFEBB29AD29D200087A66 /* Base */ = {isa = PBXFileReference; lastKnownFileType = file.storyboard; name = Base; path = Base.lproj/Main.storyboard; sourceTree = "<group>"; };
		911AFEBD29AD29D300087A66 /* Assets.xcassets */ = {isa = PBXFileReference; lastKnownFileType = folder.assetcatalog; path = Assets.xcassets; sourceTree = "<group>"; };
		911AFEC029AD29D300087A66 /* Base */ = {isa = PBXFileReference; lastKnownFileType = file.storyboard; name = Base; path = Base.lproj/LaunchScreen.storyboard; sourceTree = "<group>"; };
		911AFEC229AD29D300087A66 /* Info.plist */ = {isa = PBXFileReference; lastKnownFileType = text.plist.xml; path = Info.plist; sourceTree = "<group>"; };
		911AFEC729AD29D400087A66 /* GymTests.xctest */ = {isa = PBXFileReference; explicitFileType = wrapper.cfbundle; includeInIndex = 0; path = GymTests.xctest; sourceTree = BUILT_PRODUCTS_DIR; };
		911AFECB29AD29D400087A66 /* GymTests.swift */ = {isa = PBXFileReference; lastKnownFileType = sourcecode.swift; path = GymTests.swift; sourceTree = "<group>"; };
		911AFED129AD29D400087A66 /* GymUITests.xctest */ = {isa = PBXFileReference; explicitFileType = wrapper.cfbundle; includeInIndex = 0; path = GymUITests.xctest; sourceTree = BUILT_PRODUCTS_DIR; };
		911AFED529AD29D400087A66 /* GymUITests.swift */ = {isa = PBXFileReference; lastKnownFileType = sourcecode.swift; path = GymUITests.swift; sourceTree = "<group>"; };
		911AFED729AD29D400087A66 /* GymUITestsLaunchTests.swift */ = {isa = PBXFileReference; lastKnownFileType = sourcecode.swift; path = GymUITestsLaunchTests.swift; sourceTree = "<group>"; };
		911AFEE629AD2C6600087A66 /* WorkoutList.swift */ = {isa = PBXFileReference; lastKnownFileType = sourcecode.swift; path = WorkoutList.swift; sourceTree = "<group>"; };
/* End PBXFileReference section */

/* Begin PBXFrameworksBuildPhase section */
		911AFEAE29AD29D200087A66 /* Frameworks */ = {
			isa = PBXFrameworksBuildPhase;
			buildActionMask = 2147483647;
			files = (
			);
			runOnlyForDeploymentPostprocessing = 0;
		};
		911AFEC429AD29D400087A66 /* Frameworks */ = {
			isa = PBXFrameworksBuildPhase;
			buildActionMask = 2147483647;
			files = (
			);
			runOnlyForDeploymentPostprocessing = 0;
		};
		911AFECE29AD29D400087A66 /* Frameworks */ = {
			isa = PBXFrameworksBuildPhase;
			buildActionMask = 2147483647;
			files = (
			);
			runOnlyForDeploymentPostprocessing = 0;
		};
/* End PBXFrameworksBuildPhase section */

/* Begin PBXGroup section */
		911AFEA829AD29D200087A66 = {
			isa = PBXGroup;
			children = (
				911AFEB329AD29D200087A66 /* Gym */,
				911AFECA29AD29D400087A66 /* GymTests */,
				911AFED429AD29D400087A66 /* GymUITests */,
				911AFEB229AD29D200087A66 /* Products */,
			);
			sourceTree = "<group>";
		};
		911AFEB229AD29D200087A66 /* Products */ = {
			isa = PBXGroup;
			children = (
				911AFEB129AD29D200087A66 /* Gym.app */,
				911AFEC729AD29D400087A66 /* GymTests.xctest */,
				911AFED129AD29D400087A66 /* GymUITests.xctest */,
			);
			name = Products;
			sourceTree = "<group>";
		};
		911AFEB329AD29D200087A66 /* Gym */ = {
			isa = PBXGroup;
			children = (
				911AFEB429AD29D200087A66 /* AppDelegate.swift */,
				911AFEB629AD29D200087A66 /* SceneDelegate.swift */,
				911AFEB829AD29D200087A66 /* ViewController.swift */,
				911AFEBA29AD29D200087A66 /* Main.storyboard */,
				911AFEBD29AD29D300087A66 /* Assets.xcassets */,
				911AFEBF29AD29D300087A66 /* LaunchScreen.storyboard */,
				911AFEC229AD29D300087A66 /* Info.plist */,
				911AFEE629AD2C6600087A66 /* WorkoutList.swift */,
			);
			path = Gym;
			sourceTree = "<group>";
		};
		911AFECA29AD29D400087A66 /* GymTests */ = {
			isa = PBXGroup;
			children = (
				911AFECB29AD29D400087A66 /* GymTests.swift */,
			);
			path = GymTests;
			sourceTree = "<group>";
		};
		911AFED429AD29D400087A66 /* GymUITests */ = {
			isa = PBXGroup;
			children = (
				911AFED529AD29D400087A66 /* GymUITests.swift */,
				911AFED729AD29D400087A66 /* GymUITestsLaunchTests.swift */,
			);
			path = GymUITests;
			sourceTree = "<group>";
		};
/* End PBXGroup section */

/* Begin PBXNativeTarget section */
		911AFEB029AD29D200087A66 /* Gym */ = {
			isa = PBXNativeTarget;
			buildConfigurationList = 911AFEDB29AD29D400087A66 /* Build configuration list for PBXNativeTarget "Gym" */;
			buildPhases = (
				911AFEAD29AD29D200087A66 /* Sources */,
				911AFEAE29AD29D200087A66 /* Frameworks */,
				911AFEAF29AD29D200087A66 /* Resources */,
			);
			buildRules = (
			);
			dependencies = (
			);
			name = Gym;
			productName = Gym;
			productReference = 911AFEB129AD29D200087A66 /* Gym.app */;
			productType = "com.apple.product-type.application";
		};
		911AFEC629AD29D400087A66 /* GymTests */ = {
			isa = PBXNativeTarget;
			buildConfigurationList = 911AFEDE29AD29D400087A66 /* Build configuration list for PBXNativeTarget "GymTests" */;
			buildPhases = (
				911AFEC329AD29D400087A66 /* Sources */,
				911AFEC429AD29D400087A66 /* Frameworks */,
				911AFEC529AD29D400087A66 /* Resources */,
			);
			buildRules = (
			);
			dependencies = (
				911AFEC929AD29D400087A66 /* PBXTargetDependency */,
			);
			name = GymTests;
			productName = GymTests;
			productReference = 911AFEC729AD29D400087A66 /* GymTests.xctest */;
			productType = "com.apple.product-type.bundle.unit-test";
		};
		911AFED029AD29D400087A66 /* GymUITests */ = {
			isa = PBXNativeTarget;
			buildConfigurationList = 911AFEE129AD29D400087A66 /* Build configuration list for PBXNativeTarget "GymUITests" */;
			buildPhases = (
				911AFECD29AD29D400087A66 /* Sources */,
				911AFECE29AD29D400087A66 /* Frameworks */,
				911AFECF29AD29D400087A66 /* Resources */,
			);
			buildRules = (
			);
			dependencies = (
				911AFED329AD29D400087A66 /* PBXTargetDependency */,
			);
			name = GymUITests;
			productName = GymUITests;
			productReference = 911AFED129AD29D400087A66 /* GymUITests.xctest */;
			productType = "com.apple.product-type.bundle.ui-testing";
		};
/* End PBXNativeTarget section */

/* Begin PBXProject section */
		911AFEA929AD29D200087A66 /* Project object */ = {
			isa = PBXProject;
			attributes = {
				BuildIndependentTargetsInParallel = 1;
				LastSwiftUpdateCheck = 1420;
				LastUpgradeCheck = 1420;
				TargetAttributes = {
					911AFEB029AD29D200087A66 = {
						CreatedOnToolsVersion = 14.2;
					};
					911AFEC629AD29D400087A66 = {
						CreatedOnToolsVersion = 14.2;
						TestTargetID = 911AFEB029AD29D200087A66;
					};
					911AFED029AD29D400087A66 = {
						CreatedOnToolsVersion = 14.2;
						TestTargetID = 911AFEB029AD29D200087A66;
					};
				};
			};
			buildConfigurationList = 911AFEAC29AD29D200087A66 /* Build configuration list for PBXProject "Gym" */;
			compatibilityVersion = "Xcode 14.0";
			developmentRegion = en;
			hasScannedForEncodings = 0;
			knownRegions = (
				en,
				Base,
			);
			mainGroup = 911AFEA829AD29D200087A66;
			productRefGroup = 911AFEB229AD29D200087A66 /* Products */;
			projectDirPath = "";
			projectRoot = "";
			targets = (
				911AFEB029AD29D200087A66 /* Gym */,
				911AFEC629AD29D400087A66 /* GymTests */,
				911AFED029AD29D400087A66 /* GymUITests */,
			);
		};
/* End PBXProject section */

/* Begin PBXResourcesBuildPhase section */
		911AFEAF29AD29D200087A66 /* Resources */ = {
			isa = PBXResourcesBuildPhase;
			buildActionMask = 2147483647;
			files = (
				911AFEC129AD29D300087A66 /* LaunchScreen.storyboard in Resources */,
				911AFEBE29AD29D300087A66 /* Assets.xcassets in Resources */,
				911AFEBC29AD29D200087A66 /* Main.storyboard in Resources */,
			);
			runOnlyForDeploymentPostprocessing = 0;
		};
		911AFEC529AD29D400087A66 /* Resources */ = {
			isa = PBXResourcesBuildPhase;
			buildActionMask = 2147483647;
			files = (
			);
			runOnlyForDeploymentPostprocessing = 0;
		};
		911AFECF29AD29D400087A66 /* Resources */ = {
			isa = PBXResourcesBuildPhase;
			buildActionMask = 2147483647;
			files = (
			);
			runOnlyForDeploymentPostprocessing = 0;
		};
/* End PBXResourcesBuildPhase section */

/* Begin PBXSourcesBuildPhase section */
		911AFEAD29AD29D200087A66 /* Sources */ = {
			isa = PBXSourcesBuildPhase;
			buildActionMask = 2147483647;
			files = (
				911AFEB929AD29D200087A66 /* ViewController.swift in Sources */,
				911AFEB529AD29D200087A66 /* AppDelegate.swift in Sources */,
				911AFEB729AD29D200087A66 /* SceneDelegate.swift in Sources */,
				911AFEE729AD2C6600087A66 /* WorkoutList.swift in Sources */,
			);
			runOnlyForDeploymentPostprocessing = 0;
		};
		911AFEC329AD29D400087A66 /* Sources */ = {
			isa = PBXSourcesBuildPhase;
			buildActionMask = 2147483647;
			files = (
				911AFECC29AD29D400087A66 /* GymTests.swift in Sources */,
			);
			runOnlyForDeploymentPostprocessing = 0;
		};
		911AFECD29AD29D400087A66 /* Sources */ = {
			isa = PBXSourcesBuildPhase;
			buildActionMask = 2147483647;
			files = (
				911AFED829AD29D400087A66 /* GymUITestsLaunchTests.swift in Sources */,
				911AFED629AD29D400087A66 /* GymUITests.swift in Sources */,
			);
			runOnlyForDeploymentPostprocessing = 0;
		};
/* End PBXSourcesBuildPhase section */

/* Begin PBXTargetDependency section */
		911AFEC929AD29D400087A66 /* PBXTargetDependency */ = {
			isa = PBXTargetDependency;
			target = 911AFEB029AD29D200087A66 /* Gym */;
			targetProxy = 911AFEC829AD29D400087A66 /* PBXContainerItemProxy */;
		};
		911AFED329AD29D400087A66 /* PBXTargetDependency */ = {
			isa = PBXTargetDependency;
			target = 911AFEB029AD29D200087A66 /* Gym */;
			targetProxy = 911AFED229AD29D400087A66 /* PBXContainerItemProxy */;
		};
/* End PBXTargetDependency section */

/* Begin PBXVariantGroup section */
		911AFEBA29AD29D200087A66 /* Main.storyboard */ = {
			isa = PBXVariantGroup;
			children = (
				911AFEBB29AD29D200087A66 /* Base */,
			);
			name = Main.storyboard;
			sourceTree = "<group>";
		};
		911AFEBF29AD29D300087A66 /* LaunchScreen.storyboard */ = {
			isa = PBXVariantGroup;
			children = (
				911AFEC029AD29D300087A66 /* Base */,
			);
			name = LaunchScreen.storyboard;
			sourceTree = "<group>";
		};
/* End PBXVariantGroup section */

/* Begin XCBuildConfiguration section */
		911AFED929AD29D400087A66 /* Debug */ = {
			isa = XCBuildConfiguration;
			buildSettings = {
				ALWAYS_SEARCH_USER_PATHS = NO;
				CLANG_ANALYZER_NONNULL = YES;
				CLANG_ANALYZER_NUMBER_OBJECT_CONVERSION = YES_AGGRESSIVE;
				CLANG_CXX_LANGUAGE_STANDARD = "gnu++20";
				CLANG_ENABLE_MODULES = YES;
				CLANG_ENABLE_OBJC_ARC = YES;
				CLANG_ENABLE_OBJC_WEAK = YES;
				CLANG_WARN_BLOCK_CAPTURE_AUTORELEASING = YES;
				CLANG_WARN_BOOL_CONVERSION = YES;
				CLANG_WARN_COMMA = YES;
				CLANG_WARN_CONSTANT_CONVERSION = YES;
				CLANG_WARN_DEPRECATED_OBJC_IMPLEMENTATIONS = YES;
				CLANG_WARN_DIRECT_OBJC_ISA_USAGE = YES_ERROR;
				CLANG_WARN_DOCUMENTATION_COMMENTS = YES;
				CLANG_WARN_EMPTY_BODY = YES;
				CLANG_WARN_ENUM_CONVERSION = YES;
				CLANG_WARN_INFINITE_RECURSION = YES;
				CLANG_WARN_INT_CONVERSION = YES;
				CLANG_WARN_NON_LITERAL_NULL_CONVERSION = YES;
				CLANG_WARN_OBJC_IMPLICIT_RETAIN_SELF = YES;
				CLANG_WARN_OBJC_LITERAL_CONVERSION = YES;
				CLANG_WARN_OBJC_ROOT_CLASS = YES_ERROR;
				CLANG_WARN_QUOTED_INCLUDE_IN_FRAMEWORK_HEADER = YES;
				CLANG_WARN_RANGE_LOOP_ANALYSIS = YES;
				CLANG_WARN_STRICT_PROTOTYPES = YES;
				CLANG_WARN_SUSPICIOUS_MOVE = YES;
				CLANG_WARN_UNGUARDED_AVAILABILITY = YES_AGGRESSIVE;
				CLANG_WARN_UNREACHABLE_CODE = YES;
				CLANG_WARN__DUPLICATE_METHOD_MATCH = YES;
				COPY_PHASE_STRIP = NO;
				DEBUG_INFORMATION_FORMAT = dwarf;
				ENABLE_STRICT_OBJC_MSGSEND = YES;
				ENABLE_TESTABILITY = YES;
				GCC_C_LANGUAGE_STANDARD = gnu11;
				GCC_DYNAMIC_NO_PIC = NO;
				GCC_NO_COMMON_BLOCKS = YES;
				GCC_OPTIMIZATION_LEVEL = 0;
				GCC_PREPROCESSOR_DEFINITIONS = (
					"DEBUG=1",
					"$(inherited)",
				);
				GCC_WARN_64_TO_32_BIT_CONVERSION = YES;
				GCC_WARN_ABOUT_RETURN_TYPE = YES_ERROR;
				GCC_WARN_UNDECLARED_SELECTOR = YES;
				GCC_WARN_UNINITIALIZED_AUTOS = YES_AGGRESSIVE;
				GCC_WARN_UNUSED_FUNCTION = YES;
				GCC_WARN_UNUSED_VARIABLE = YES;
				IPHONEOS_DEPLOYMENT_TARGET = 16.2;
				MTL_ENABLE_DEBUG_INFO = INCLUDE_SOURCE;
				MTL_FAST_MATH = YES;
				ONLY_ACTIVE_ARCH = YES;
				SDKROOT = iphoneos;
				SWIFT_ACTIVE_COMPILATION_CONDITIONS = DEBUG;
				SWIFT_OPTIMIZATION_LEVEL = "-Onone";
			};
			name = Debug;
		};
		911AFEDA29AD29D400087A66 /* Release */ = {
			isa = XCBuildConfiguration;
			buildSettings = {
				ALWAYS_SEARCH_USER_PATHS = NO;
				CLANG_ANALYZER_NONNULL = YES;
				CLANG_ANALYZER_NUMBER_OBJECT_CONVERSION = YES_AGGRESSIVE;
				CLANG_CXX_LANGUAGE_STANDARD = "gnu++20";
				CLANG_ENABLE_MODULES = YES;
				CLANG_ENABLE_OBJC_ARC = YES;
				CLANG_ENABLE_OBJC_WEAK = YES;
				CLANG_WARN_BLOCK_CAPTURE_AUTORELEASING = YES;
				CLANG_WARN_BOOL_CONVERSION = YES;
				CLANG_WARN_COMMA = YES;
				CLANG_WARN_CONSTANT_CONVERSION = YES;
				CLANG_WARN_DEPRECATED_OBJC_IMPLEMENTATIONS = YES;
				CLANG_WARN_DIRECT_OBJC_ISA_USAGE = YES_ERROR;
				CLANG_WARN_DOCUMENTATION_COMMENTS = YES;
				CLANG_WARN_EMPTY_BODY = YES;
				CLANG_WARN_ENUM_CONVERSION = YES;
				CLANG_WARN_INFINITE_RECURSION = YES;
				CLANG_WARN_INT_CONVERSION = YES;
				CLANG_WARN_NON_LITERAL_NULL_CONVERSION = YES;
				CLANG_WARN_OBJC_IMPLICIT_RETAIN_SELF = YES;
				CLANG_WARN_OBJC_LITERAL_CONVERSION = YES;
				CLANG_WARN_OBJC_ROOT_CLASS = YES_ERROR;
				CLANG_WARN_QUOTED_INCLUDE_IN_FRAMEWORK_HEADER = YES;
				CLANG_WARN_RANGE_LOOP_ANALYSIS = YES;
				CLANG_WARN_STRICT_PROTOTYPES = YES;
				CLANG_WARN_SUSPICIOUS_MOVE = YES;
				CLANG_WARN_UNGUARDED_AVAILABILITY = YES_AGGRESSIVE;
				CLANG_WARN_UNREACHABLE_CODE = YES;
				CLANG_WARN__DUPLICATE_METHOD_MATCH = YES;
				COPY_PHASE_STRIP = NO;
				DEBUG_INFORMATION_FORMAT = "dwarf-with-dsym";
				ENABLE_NS_ASSERTIONS = NO;
				ENABLE_STRICT_OBJC_MSGSEND = YES;
				GCC_C_LANGUAGE_STANDARD = gnu11;
				GCC_NO_COMMON_BLOCKS = YES;
				GCC_WARN_64_TO_32_BIT_CONVERSION = YES;
				GCC_WARN_ABOUT_RETURN_TYPE = YES_ERROR;
				GCC_WARN_UNDECLARED_SELECTOR = YES;
				GCC_WARN_UNINITIALIZED_AUTOS = YES_AGGRESSIVE;
				GCC_WARN_UNUSED_FUNCTION = YES;
				GCC_WARN_UNUSED_VARIABLE = YES;
				IPHONEOS_DEPLOYMENT_TARGET = 16.2;
				MTL_ENABLE_DEBUG_INFO = NO;
				MTL_FAST_MATH = YES;
				SDKROOT = iphoneos;
				SWIFT_COMPILATION_MODE = wholemodule;
				SWIFT_OPTIMIZATION_LEVEL = "-O";
				VALIDATE_PRODUCT = YES;
			};
			name = Release;
		};
		911AFEDC29AD29D400087A66 /* Debug */ = {
			isa = XCBuildConfiguration;
			buildSettings = {
				ASSETCATALOG_COMPILER_APPICON_NAME = AppIcon;
				ASSETCATALOG_COMPILER_GLOBAL_ACCENT_COLOR_NAME = AccentColor;
				CODE_SIGN_STYLE = Automatic;
				CURRENT_PROJECT_VERSION = 1;
				DEVELOPMENT_TEAM = M83TUL5J88;
				GENERATE_INFOPLIST_FILE = YES;
				INFOPLIST_FILE = Gym/Info.plist;
				INFOPLIST_KEY_UIApplicationSupportsIndirectInputEvents = YES;
				INFOPLIST_KEY_UILaunchStoryboardName = LaunchScreen;
				INFOPLIST_KEY_UIMainStoryboardFile = Main;
				INFOPLIST_KEY_UISupportedInterfaceOrientations_iPad = "UIInterfaceOrientationPortrait UIInterfaceOrientationPortraitUpsideDown UIInterfaceOrientationLandscapeLeft UIInterfaceOrientationLandscapeRight";
				INFOPLIST_KEY_UISupportedInterfaceOrientations_iPhone = "UIInterfaceOrientationPortrait UIInterfaceOrientationLandscapeLeft UIInterfaceOrientationLandscapeRight";
				LD_RUNPATH_SEARCH_PATHS = (
					"$(inherited)",
					"@executable_path/Frameworks",
				);
				MARKETING_VERSION = 1.0;
				PRODUCT_BUNDLE_IDENTIFIER = firdavsii.majidzoda.Gym;
				PRODUCT_NAME = "$(TARGET_NAME)";
				SWIFT_EMIT_LOC_STRINGS = YES;
				SWIFT_VERSION = 5.0;
				TARGETED_DEVICE_FAMILY = "1,2";
			};
			name = Debug;
		};
		911AFEDD29AD29D400087A66 /* Release */ = {
			isa = XCBuildConfiguration;
			buildSettings = {
				ASSETCATALOG_COMPILER_APPICON_NAME = AppIcon;
				ASSETCATALOG_COMPILER_GLOBAL_ACCENT_COLOR_NAME = AccentColor;
				CODE_SIGN_STYLE = Automatic;
				CURRENT_PROJECT_VERSION = 1;
				DEVELOPMENT_TEAM = M83TUL5J88;
				GENERATE_INFOPLIST_FILE = YES;
				INFOPLIST_FILE = Gym/Info.plist;
				INFOPLIST_KEY_UIApplicationSupportsIndirectInputEvents = YES;
				INFOPLIST_KEY_UILaunchStoryboardName = LaunchScreen;
				INFOPLIST_KEY_UIMainStoryboardFile = Main;
				INFOPLIST_KEY_UISupportedInterfaceOrientations_iPad = "UIInterfaceOrientationPortrait UIInterfaceOrientationPortraitUpsideDown UIInterfaceOrientationLandscapeLeft UIInterfaceOrientationLandscapeRight";
				INFOPLIST_KEY_UISupportedInterfaceOrientations_iPhone = "UIInterfaceOrientationPortrait UIInterfaceOrientationLandscapeLeft UIInterfaceOrientationLandscapeRight";
				LD_RUNPATH_SEARCH_PATHS = (
					"$(inherited)",
					"@executable_path/Frameworks",
				);
				MARKETING_VERSION = 1.0;
				PRODUCT_BUNDLE_IDENTIFIER = firdavsii.majidzoda.Gym;
				PRODUCT_NAME = "$(TARGET_NAME)";
				SWIFT_EMIT_LOC_STRINGS = YES;
				SWIFT_VERSION = 5.0;
				TARGETED_DEVICE_FAMILY = "1,2";
			};
			name = Release;
		};
		911AFEDF29AD29D400087A66 /* Debug */ = {
			isa = XCBuildConfiguration;
			buildSettings = {
				ALWAYS_EMBED_SWIFT_STANDARD_LIBRARIES = YES;
				BUNDLE_LOADER = "$(TEST_HOST)";
				CODE_SIGN_STYLE = Automatic;
				CURRENT_PROJECT_VERSION = 1;
				GENERATE_INFOPLIST_FILE = YES;
				IPHONEOS_DEPLOYMENT_TARGET = 16.2;
				MARKETING_VERSION = 1.0;
				PRODUCT_BUNDLE_IDENTIFIER = firdavsii.majidzoda.GymTests;
				PRODUCT_NAME = "$(TARGET_NAME)";
				SWIFT_EMIT_LOC_STRINGS = NO;
				SWIFT_VERSION = 5.0;
				TARGETED_DEVICE_FAMILY = "1,2";
				TEST_HOST = "$(BUILT_PRODUCTS_DIR)/Gym.app/$(BUNDLE_EXECUTABLE_FOLDER_PATH)/Gym";
			};
			name = Debug;
		};
		911AFEE029AD29D400087A66 /* Release */ = {
			isa = XCBuildConfiguration;
			buildSettings = {
				ALWAYS_EMBED_SWIFT_STANDARD_LIBRARIES = YES;
				BUNDLE_LOADER = "$(TEST_HOST)";
				CODE_SIGN_STYLE = Automatic;
				CURRENT_PROJECT_VERSION = 1;
				GENERATE_INFOPLIST_FILE = YES;
				IPHONEOS_DEPLOYMENT_TARGET = 16.2;
				MARKETING_VERSION = 1.0;
				PRODUCT_BUNDLE_IDENTIFIER = firdavsii.majidzoda.GymTests;
				PRODUCT_NAME = "$(TARGET_NAME)";
				SWIFT_EMIT_LOC_STRINGS = NO;
				SWIFT_VERSION = 5.0;
				TARGETED_DEVICE_FAMILY = "1,2";
				TEST_HOST = "$(BUILT_PRODUCTS_DIR)/Gym.app/$(BUNDLE_EXECUTABLE_FOLDER_PATH)/Gym";
			};
			name = Release;
		};
		911AFEE229AD29D400087A66 /* Debug */ = {
			isa = XCBuildConfiguration;
			buildSettings = {
				ALWAYS_EMBED_SWIFT_STANDARD_LIBRARIES = YES;
				CODE_SIGN_STYLE = Automatic;
				CURRENT_PROJECT_VERSION = 1;
				GENERATE_INFOPLIST_FILE = YES;
				MARKETING_VERSION = 1.0;
				PRODUCT_BUNDLE_IDENTIFIER = firdavsii.majidzoda.GymUITests;
				PRODUCT_NAME = "$(TARGET_NAME)";
				SWIFT_EMIT_LOC_STRINGS = NO;
				SWIFT_VERSION = 5.0;
				TARGETED_DEVICE_FAMILY = "1,2";
				TEST_TARGET_NAME = Gym;
			};
			name = Debug;
		};
		911AFEE329AD29D400087A66 /* Release */ = {
			isa = XCBuildConfiguration;
			buildSettings = {
				ALWAYS_EMBED_SWIFT_STANDARD_LIBRARIES = YES;
				CODE_SIGN_STYLE = Automatic;
				CURRENT_PROJECT_VERSION = 1;
				GENERATE_INFOPLIST_FILE = YES;
				MARKETING_VERSION = 1.0;
				PRODUCT_BUNDLE_IDENTIFIER = firdavsii.majidzoda.GymUITests;
				PRODUCT_NAME = "$(TARGET_NAME)";
				SWIFT_EMIT_LOC_STRINGS = NO;
				SWIFT_VERSION = 5.0;
				TARGETED_DEVICE_FAMILY = "1,2";
				TEST_TARGET_NAME = Gym;
			};
			name = Release;
		};
/* End XCBuildConfiguration section */

/* Begin XCConfigurationList section */
		911AFEAC29AD29D200087A66 /* Build configuration list for PBXProject "Gym" */ = {
			isa = XCConfigurationList;
			buildConfigurations = (
				911AFED929AD29D400087A66 /* Debug */,
				911AFEDA29AD29D400087A66 /* Release */,
			);
			defaultConfigurationIsVisible = 0;
			defaultConfigurationName = Release;
		};
		911AFEDB29AD29D400087A66 /* Build configuration list for PBXNativeTarget "Gym" */ = {
			isa = XCConfigurationList;
			buildConfigurations = (
				911AFEDC29AD29D400087A66 /* Debug */,
				911AFEDD29AD29D400087A66 /* Release */,
			);
			defaultConfigurationIsVisible = 0;
			defaultConfigurationName = Release;
		};
		911AFEDE29AD29D400087A66 /* Build configuration list for PBXNativeTarget "GymTests" */ = {
			isa = XCConfigurationList;
			buildConfigurations = (
				911AFEDF29AD29D400087A66 /* Debug */,
				911AFEE029AD29D400087A66 /* Release */,
			);
			defaultConfigurationIsVisible = 0;
			defaultConfigurationName = Release;
		};
		911AFEE129AD29D400087A66 /* Build configuration list for PBXNativeTarget "GymUITests" */ = {
			isa = XCConfigurationList;
			buildConfigurations = (
				911AFEE229AD29D400087A66 /* Debug */,
				911AFEE329AD29D400087A66 /* Release */,
			);
			defaultConfigurationIsVisible = 0;
			defaultConfigurationName = Release;
		};
/* End XCConfigurationList section */
	};
	rootObject = 911AFEA929AD29D200087A66 /* Project object */;
}
